{
  "name": "serve",
  "version": "1.0.0",
  "lockfileVersion": 3,
  "requires": true,
  "packages": {
    "": {
      "name": "serve",
      "version": "1.0.0",
      "license": "ISC",
      "dependencies": {
        "@i1ain2/lib-package-a": "^1.0.0",
        "typescript": "^5.6.2"
      }
    },
    "node_modules/@i1ain2/lib-package-a": {
      "version": "1.0.0",
      "resolved": "https://npm.pkg.github.com/download/@i1ain2/lib-package-a/1.0.0/49704ddb1927d2ef20b3e6e4d2aba6b7d651fd9a",
      "integrity": "sha512-zYMQmAVRMCxnuONN6LRKlizitGzDQ72fjS0iM3rM7kF56YZ89cGg7Xy7sPJdNlA0UHrSApQtzoTE36+oNtSusw==",
      "license": "ISC",
      "dependencies": {
        "typescript": "^5.6.2"
      }
    },
    "node_modules/typescript": {
      "version": "5.6.2",
      "resolved": "https://registry.npmjs.org/typescript/-/typescript-5.6.2.tgz",
      "integrity": "sha512-NW8ByodCSNCwZeghjN3o+JX5OFH0Ojg6sadjEKY4huZ52TqbJTJnDo5+Tw98lSy63NZvi4n+ez5m2u5d4PkZyw==",
      "license": "Apache-2.0",
      "bin": {
        "tsc": "bin/tsc",
        "tsserver": "bin/tsserver"
      },
      "engines": {
        "node": ">=14.17"
      }
    }
  }
}
